
Microsoft Visual Studio Solution File, Format Version 12.00
# Visual Studio Version 17
VisualStudioVersion = 17.0.31903.59
MinimumVisualStudioVersion = 10.0.40219.1
Project("{2150E333-8FDC-42A3-9474-1A3956D46DE8}") = "src", "src", "{827E0CD3-B72D-47B6-A68D-7590B98EB39B}"
EndProject
Project("{2150E333-8FDC-42A3-9474-1A3956D46DE8}") = "Core", "Core", "{8D626EA8-CB54-BC41-363A-217881BEBA6E}"
EndProject
Project("{FAE04EC0-301F-11D3-BF4B-00C04F79EFBC}") = "MAPUO.Core", "src\Core\MAPUO.Core\MAPUO.Core.csproj", "{F2A8CD94-CF17-4FE7-9707-057F9743A9ED}"
EndProject
Project("{2150E333-8FDC-42A3-9474-1A3956D46DE8}") = "Infrastructure", "Infrastructure", "{9048EB7F-3875-A59E-E36B-5BD4C6F2A282}"
EndProject
Project("{FAE04EC0-301F-11D3-BF4B-00C04F79EFBC}") = "MAPUO.Infrastructure", "src\Infrastructure\MAPUO.Infrastructure\MAPUO.Infrastructure.csproj", "{0704F602-A9BD-4EF7-AABB-F580D12BC182}"
EndProject
Project("{2150E333-8FDC-42A3-9474-1A3956D46DE8}") = "tests", "tests", "{0AB3BF05-4346-4AA6-1389-037BE0695223}"
EndProject
Project("{2150E333-8FDC-42A3-9474-1A3956D46DE8}") = "E2E", "E2E", "{0EB607AC-6329-6575-AD8B-E5558B048B88}"
EndProject
Project("{FAE04EC0-301F-11D3-BF4B-00C04F79EFBC}") = "MAPUO.Tests.E2E", "tests\E2E\MAPUO.Tests.E2E\MAPUO.Tests.E2E.csproj", "{D2DFD329-1EEF-4E70-ACFB-22FA743AB85C}"
EndProject
Project("{2150E333-8FDC-42A3-9474-1A3956D46DE8}") = "Unit", "Unit", "{9D556B49-86D1-93A7-9596-FFAAB74EC556}"
EndProject
Project("{FAE04EC0-301F-11D3-BF4B-00C04F79EFBC}") = "MAPUO.Tests.Unit", "tests\Unit\MAPUO.Tests.Unit\MAPUO.Tests.Unit.csproj", "{C447231D-FF6C-438B-A024-D79A7F441EFE}"
EndProject
Global
	GlobalSection(SolutionConfigurationPlatforms) = preSolution
		Debug|Any CPU = Debug|Any CPU
		Debug|x64 = Debug|x64
		Debug|x86 = Debug|x86
		Release|Any CPU = Release|Any CPU
		Release|x64 = Release|x64
		Release|x86 = Release|x86
	EndGlobalSection
	GlobalSection(ProjectConfigurationPlatforms) = postSolution
		{F2A8CD94-CF17-4FE7-9707-057F9743A9ED}.Debug|Any CPU.ActiveCfg = Debug|Any CPU
		{F2A8CD94-CF17-4FE7-9707-057F9743A9ED}.Debug|Any CPU.Build.0 = Debug|Any CPU
		{F2A8CD94-CF17-4FE7-9707-057F9743A9ED}.Debug|x64.ActiveCfg = Debug|Any CPU
		{F2A8CD94-CF17-4FE7-9707-057F9743A9ED}.Debug|x64.Build.0 = Debug|Any CPU
		{F2A8CD94-CF17-4FE7-9707-057F9743A9ED}.Debug|x86.ActiveCfg = Debug|Any CPU
		{F2A8CD94-CF17-4FE7-9707-057F9743A9ED}.Debug|x86.Build.0 = Debug|Any CPU
		{F2A8CD94-CF17-4FE7-9707-057F9743A9ED}.Release|Any CPU.ActiveCfg = Release|Any CPU
		{F2A8CD94-CF17-4FE7-9707-057F9743A9ED}.Release|Any CPU.Build.0 = Release|Any CPU
		{F2A8CD94-CF17-4FE7-9707-057F9743A9ED}.Release|x64.ActiveCfg = Release|Any CPU
		{F2A8CD94-CF17-4FE7-9707-057F9743A9ED}.Release|x64.Build.0 = Release|Any CPU
		{F2A8CD94-CF17-4FE7-9707-057F9743A9ED}.Release|x86.ActiveCfg = Release|Any CPU
		{F2A8CD94-CF17-4FE7-9707-057F9743A9ED}.Release|x86.Build.0 = Release|Any CPU
		{0704F602-A9BD-4EF7-AABB-F580D12BC182}.Debug|Any CPU.ActiveCfg = Debug|Any CPU
		{0704F602-A9BD-4EF7-AABB-F580D12BC182}.Debug|Any CPU.Build.0 = Debug|Any CPU
		{0704F602-A9BD-4EF7-AABB-F580D12BC182}.Debug|x64.ActiveCfg = Debug|Any CPU
		{0704F602-A9BD-4EF7-AABB-F580D12BC182}.Debug|x64.Build.0 = Debug|Any CPU
		{0704F602-A9BD-4EF7-AABB-F580D12BC182}.Debug|x86.ActiveCfg = Debug|Any CPU
		{0704F602-A9BD-4EF7-AABB-F580D12BC182}.Debug|x86.Build.0 = Debug|Any CPU
		{0704F602-A9BD-4EF7-AABB-F580D12BC182}.Release|Any CPU.ActiveCfg = Release|Any CPU
		{0704F602-A9BD-4EF7-AABB-F580D12BC182}.Release|Any CPU.Build.0 = Release|Any CPU
		{0704F602-A9BD-4EF7-AABB-F580D12BC182}.Release|x64.ActiveCfg = Release|Any CPU
		{0704F602-A9BD-4EF7-AABB-F580D12BC182}.Release|x64.Build.0 = Release|Any CPU
		{0704F602-A9BD-4EF7-AABB-F580D12BC182}.Release|x86.ActiveCfg = Release|Any CPU
		{0704F602-A9BD-4EF7-AABB-F580D12BC182}.Release|x86.Build.0 = Release|Any CPU
		{D2DFD329-1EEF-4E70-ACFB-22FA743AB85C}.Debug|Any CPU.ActiveCfg = Debug|Any CPU
		{D2DFD329-1EEF-4E70-ACFB-22FA743AB85C}.Debug|Any CPU.Build.0 = Debug|Any CPU
		{D2DFD329-1EEF-4E70-ACFB-22FA743AB85C}.Debug|x64.ActiveCfg = Debug|Any CPU
		{D2DFD329-1EEF-4E70-ACFB-22FA743AB85C}.Debug|x64.Build.0 = Debug|Any CPU
		{D2DFD329-1EEF-4E70-ACFB-22FA743AB85C}.Debug|x86.ActiveCfg = Debug|Any CPU
		{D2DFD329-1EEF-4E70-ACFB-22FA743AB85C}.Debug|x86.Build.0 = Debug|Any CPU
		{D2DFD329-1EEF-4E70-ACFB-22FA743AB85C}.Release|Any CPU.ActiveCfg = Release|Any CPU
		{D2DFD329-1EEF-4E70-ACFB-22FA743AB85C}.Release|Any CPU.Build.0 = Release|Any CPU
		{D2DFD329-1EEF-4E70-ACFB-22FA743AB85C}.Release|x64.ActiveCfg = Release|Any CPU
		{D2DFD329-1EEF-4E70-ACFB-22FA743AB85C}.Release|x64.Build.0 = Release|Any CPU
		{D2DFD329-1EEF-4E70-ACFB-22FA743AB85C}.Release|x86.ActiveCfg = Release|Any CPU
		{D2DFD329-1EEF-4E70-ACFB-22FA743AB85C}.Release|x86.Build.0 = Release|Any CPU
		{C447231D-FF6C-438B-A024-D79A7F441EFE}.Debug|Any CPU.ActiveCfg = Debug|Any CPU
		{C447231D-FF6C-438B-A024-D79A7F441EFE}.Debug|Any CPU.Build.0 = Debug|Any CPU
		{C447231D-FF6C-438B-A024-D79A7F441EFE}.Debug|x64.ActiveCfg = Debug|Any CPU
		{C447231D-FF6C-438B-A024-D79A7F441EFE}.Debug|x64.Build.0 = Debug|Any CPU
		{C447231D-FF6C-438B-A024-D79A7F441EFE}.Debug|x86.ActiveCfg = Debug|Any CPU
		{C447231D-FF6C-438B-A024-D79A7F441EFE}.Debug|x86.Build.0 = Debug|Any CPU
		{C447231D-FF6C-438B-A024-D79A7F441EFE}.Release|Any CPU.ActiveCfg = Release|Any CPU
		{C447231D-FF6C-438B-A024-D79A7F441EFE}.Release|Any CPU.Build.0 = Release|Any CPU
		{C447231D-FF6C-438B-A024-D79A7F441EFE}.Release|x64.ActiveCfg = Release|Any CPU
		{C447231D-FF6C-438B-A024-D79A7F441EFE}.Release|x64.Build.0 = Release|Any CPU
		{C447231D-FF6C-438B-A024-D79A7F441EFE}.Release|x86.ActiveCfg = Release|Any CPU
		{C447231D-FF6C-438B-A024-D79A7F441EFE}.Release|x86.Build.0 = Release|Any CPU
	EndGlobalSection
	GlobalSection(SolutionProperties) = preSolution
		HideSolutionNode = FALSE
	EndGlobalSection
	GlobalSection(NestedProjects) = preSolution
		{8D626EA8-CB54-BC41-363A-217881BEBA6E} = {827E0CD3-B72D-47B6-A68D-7590B98EB39B}
		{F2A8CD94-CF17-4FE7-9707-057F9743A9ED} = {8D626EA8-CB54-BC41-363A-217881BEBA6E}
		{9048EB7F-3875-A59E-E36B-5BD4C6F2A282} = {827E0CD3-B72D-47B6-A68D-7590B98EB39B}
		{0704F602-A9BD-4EF7-AABB-F580D12BC182} = {9048EB7F-3875-A59E-E36B-5BD4C6F2A282}
		{0EB607AC-6329-6575-AD8B-E5558B048B88} = {0AB3BF05-4346-4AA6-1389-037BE0695223}
		{D2DFD329-1EEF-4E70-ACFB-22FA743AB85C} = {0EB607AC-6329-6575-AD8B-E5558B048B88}
		{9D556B49-86D1-93A7-9596-FFAAB74EC556} = {0AB3BF05-4346-4AA6-1389-037BE0695223}
		{C447231D-FF6C-438B-A024-D79A7F441EFE} = {9D556B49-86D1-93A7-9596-FFAAB74EC556}
	EndGlobalSection
EndGlobal
